
Microsoft Visual Studio Solution File, Format Version 12.00
# Visual Studio Version 17
VisualStudioVersion = 17.6.33829.357
MinimumVisualStudioVersion = 10.0.40219.1
Project("{8BC9CEB8-8B4A-11D0-8D11-00A0C91BC942}") = "C++ Tutorial - Maths", "C++ Tutorial - Maths\C++ Tutorial - Maths.vcxproj", "{C77DB441-537F-4EE1-9971-E7FDB37AFEEB}"
EndProject
Global
	GlobalSection(SolutionConfigurationPlatforms) = preSolution
		Debug|x64 = Debug|x64
		Debug|x86 = Debug|x86
		Release|x64 = Release|x64
		Release|x86 = Release|x86
	EndGlobalSection
	GlobalSection(ProjectConfigurationPlatforms) = postSolution
		{C77DB441-537F-4EE1-9971-E7FDB37AFEEB}.Debug|x64.ActiveCfg = Debug|x64
		{C77DB441-537F-4EE1-9971-E7FDB37AFEEB}.Debug|x64.Build.0 = Debug|x64
		{C77DB441-537F-4EE1-9971-E7FDB37AFEEB}.Debug|x86.ActiveCfg = Debug|Win32
		{C77DB441-537F-4EE1-9971-E7FDB37AFEEB}.Debug|x86.Build.0 = Debug|Win32
		{C77DB441-537F-4EE1-9971-E7FDB37AFEEB}.Release|x64.ActiveCfg = Release|x64
		{C77DB441-537F-4EE1-9971-E7FDB37AFEEB}.Release|x64.Build.0 = Release|x64
		{C77DB441-537F-4EE1-9971-E7FDB37AFEEB}.Release|x86.ActiveCfg = Release|Win32
		{C77DB441-537F-4EE1-9971-E7FDB37AFEEB}.Release|x86.Build.0 = Release|Win32
	EndGlobalSection
	GlobalSection(SolutionProperties) = preSolution
		HideSolutionNode = FALSE
	EndGlobalSection
	GlobalSection(ExtensibilityGlobals) = postSolution
		SolutionGuid = {7829A984-DEE4-41EA-B0CD-BB319870887B}
	EndGlobalSection
EndGlobal
